<?xml version="1.0"?>
<!DOCTYPE CodeBlocks_project_file>
<CodeBlocks_project_file>
	<FileVersion major="1" minor="1"/>
	<Project>
		<Option title="LinearParticle"/>
		<Option makefile="Makefile"/>
		<Option makefile_is_custom="0"/>
		<Option compiler="0"/>
		<Build>
			<Target title="Release">
				<Option output="lib\libLinearParticle.a"/>
				<Option working_dir=""/>
				<Option object_output=".objs"/>
				<Option deps_output=".deps"/>
				<Option type="2"/>
				<Option compiler="0"/>
				<Option createDefFile="1"/>
				<Option projectResourceIncludeDirsRelation="2"/>
				<Compiler>
					<Add option="-march=i686"/>
					<Add option="-O2"/>
					<Add option="-W"/>
				</Compiler>
				<Linker>
					<Add option="-s"/>
				</Linker>
			</Target>
			<Target title="Debug">
				<Option output="lib\libLinearParticle_d.a"/>
				<Option working_dir=""/>
				<Option object_output=".objs"/>
				<Option deps_output=".deps"/>
				<Option type="2"/>
				<Option compiler="0"/>
				<Option createDefFile="1"/>
				<Option projectResourceIncludeDirsRelation="2"/>
				<Compiler>
					<Add option="-W"/>
					<Add option="-g"/>
					<Add option="-DL_DEBUG_MODE"/>
				</Compiler>
				<Linker>
					<Add option="/DEBUG"/>
				</Linker>
			</Target>
		</Build>
		<Compiler>
			<Add directory="include"/>
		</Compiler>
		<Unit filename="include\L_Defination.h">
			<Option compilerVar=""/>
			<Option compile="0"/>
			<Option link="0"/>
			<Option target="Release"/>
			<Option target="Debug"/>
		</Unit>
		<Unit filename="include\L_DroppingEffect.h">
			<Option compilerVar=""/>
			<Option compile="0"/>
			<Option link="0"/>
			<Option target="Release"/>
			<Option target="Debug"/>
		</Unit>
		<Unit filename="include\L_EffectEmitter.h">
			<Option compilerVar=""/>
			<Option compile="0"/>
			<Option link="0"/>
			<Option target="Release"/>
			<Option target="Debug"/>
		</Unit>
		<Unit filename="include\L_EffectManager.h">
			<Option compilerVar=""/>
			<Option compile="0"/>
			<Option link="0"/>
			<Option target="Release"/>
			<Option target="Debug"/>
		</Unit>
		<Unit filename="include\L_ExplosionEffect.h">
			<Option compilerVar=""/>
			<Option compile="0"/>
			<Option link="0"/>
			<Option target="Release"/>
			<Option target="Debug"/>
		</Unit>
		<Unit filename="include\L_MotionController.h">
			<Option compilerVar=""/>
			<Option compile="0"/>
			<Option link="0"/>
			<Option target="Release"/>
			<Option target="Debug"/>
		</Unit>
		<Unit filename="include\L_Particle.h">
			<Option compilerVar=""/>
			<Option compile="0"/>
			<Option link="0"/>
			<Option target="Release"/>
			<Option target="Debug"/>
		</Unit>
		<Unit filename="include\L_ParticleEffect.h">
			<Option compilerVar=""/>
			<Option compile="0"/>
			<Option link="0"/>
			<Option target="Release"/>
			<Option target="Debug"/>
		</Unit>
		<Unit filename="include\L_ParticleMem.h">
			<Option compilerVar=""/>
			<Option compile="0"/>
			<Option link="0"/>
			<Option target="Release"/>
			<Option target="Debug"/>
		</Unit>
		<Unit filename="include\L_ParticleSystem.h">
			<Option compilerVar=""/>
			<Option compile="0"/>
			<Option link="0"/>
			<Option target="Release"/>
			<Option target="Debug"/>
		</Unit>
		<Unit filename="include\L_ShootingEffect.h">
			<Option compilerVar=""/>
			<Option compile="0"/>
			<Option link="0"/>
			<Option target="Release"/>
			<Option target="Debug"/>
		</Unit>
		<Unit filename="include\L_Vector.h">
			<Option compilerVar=""/>
			<Option compile="0"/>
			<Option link="0"/>
			<Option target="Release"/>
			<Option target="Debug"/>
		</Unit>
		<Unit filename="sources\L_DroppingEffect.cpp">
			<Option compilerVar="CPP"/>
			<Option target="Release"/>
			<Option target="Debug"/>
		</Unit>
		<Unit filename="sources\L_EffectEmitter.cpp">
			<Option compilerVar="CPP"/>
			<Option target="Release"/>
			<Option target="Debug"/>
		</Unit>
		<Unit filename="sources\L_EffectManager.cpp">
			<Option compilerVar="CPP"/>
			<Option target="Release"/>
			<Option target="Debug"/>
		</Unit>
		<Unit filename="sources\L_ExplosionEffect.cpp">
			<Option compilerVar="CPP"/>
			<Option target="Release"/>
			<Option target="Debug"/>
		</Unit>
		<Unit filename="sources\L_MotionController.cpp">
			<Option compilerVar="CPP"/>
			<Option target="Release"/>
			<Option target="Debug"/>
		</Unit>
		<Unit filename="sources\L_Particle.cpp">
			<Option compilerVar="CPP"/>
			<Option target="Release"/>
			<Option target="Debug"/>
		</Unit>
		<Unit filename="sources\L_ParticleEffect.cpp">
			<Option compilerVar="CPP"/>
			<Option target="Release"/>
			<Option target="Debug"/>
		</Unit>
		<Unit filename="sources\L_ParticleMem.cpp">
			<Option compilerVar="CPP"/>
			<Option target="Release"/>
			<Option target="Debug"/>
		</Unit>
		<Unit filename="sources\L_ParticleSystem.cpp">
			<Option compilerVar="CPP"/>
			<Option target="Release"/>
			<Option target="Debug"/>
		</Unit>
		<Unit filename="sources\L_ShootingEffect.cpp">
			<Option compilerVar="CPP"/>
			<Option target="Release"/>
			<Option target="Debug"/>
		</Unit>
		<Unit filename="sources\L_Vector.cpp">
			<Option compilerVar="CPP"/>
			<Option target="Release"/>
			<Option target="Debug"/>
		</Unit>
	</Project>
</CodeBlocks_project_file>
